{
  "pins" : [
    {
      "identity" : "iqkeyboardmanager",
      "kind" : "remoteSourceControl",
      "location" : "https://github.com/hackiftekhar/IQKeyboardManager",
      "state" : {
        "branch" : "master",
        "revision" : "0405da3cf8c646c6bdd4c2736d7dfba6cc218287"
      }
    }
  ],
  "version" : 2
}
